version = 1
revision = 3
requires-python = ">=3.13"

[[package]]
name = "leetcode"
version = "0.1.0"
source = { virtual = "." }
dependencies = [
    { name = "ty" },
]

[package.metadata]
requires-dist = [{ name = "ty", specifier = ">=0.0.9" }]

[[package]]
name = "ty"
version = "0.0.9"
source = { registry = "https://pypi.org/simple" }
sdist = { url = "https://files.pythonhosted.org/packages/19/7b/4f677c622d58563c593c32081f8a8572afd90e43dc15b0dedd27b4305038/ty-0.0.9.tar.gz", hash = "sha256:83f980c46df17586953ab3060542915827b43c4748a59eea04190c59162957fe", size = 4858642, upload-time = "2026-01-05T12:24:56.528Z" }
wheels = [
    { url = "https://files.pythonhosted.org/packages/3f/3f/c1ee119738b401a8081ff84341781122296b66982e5982e6f162d946a1ff/ty-0.0.9-py3-none-linux_armv6l.whl", hash = "sha256:dd270d4dd6ebeb0abb37aee96cbf9618610723677f500fec1ba58f35bfa8337d", size = 9763596, upload-time = "2026-01-05T12:24:37.43Z" },
    { url = "https://files.pythonhosted.org/packages/63/41/6b0669ef4cd806d4bd5c30263e6b732a362278abac1bc3a363a316cde896/ty-0.0.9-py3-none-macosx_10_12_x86_64.whl", hash = "sha256:debfb2ba418b00e86ffd5403cb666b3f04e16853f070439517dd1eaaeeff9255", size = 9591514, upload-time = "2026-01-05T12:24:26.891Z" },
    { url = "https://files.pythonhosted.org/packages/02/a1/874aa756aee5118e690340a771fb9ded0d0c2168c0b7cc7d9561c2a750b0/ty-0.0.9-py3-none-macosx_11_0_arm64.whl", hash = "sha256:107c76ebb05a13cdb669172956421f7ffd289ad98f36d42a44a465588d434d58", size = 9097773, upload-time = "2026-01-05T12:24:14.442Z" },
    { url = "https://files.pythonhosted.org/packages/32/62/cb9a460cf03baab77b3361d13106b93b40c98e274d07c55f333ce3c716f6/ty-0.0.9-py3-none-manylinux_2_17_aarch64.manylinux2014_aarch64.whl", hash = "sha256:6868ca5c87ca0caa1b3cb84603c767356242b0659b88307eda69b2fb0bfa416b", size = 9581824, upload-time = "2026-01-05T12:24:35.074Z" },
    { url = "https://files.pythonhosted.org/packages/5a/97/633ecb348c75c954f09f8913669de8c440b13b43ea7d214503f3f1c4bb60/ty-0.0.9-py3-none-manylinux_2_17_armv7l.manylinux2014_armv7l.whl", hash = "sha256:d14a4aa0eb5c1d3591c2adbdda4e44429a6bb5d2e298a704398bb2a7ccdafdfe", size = 9591050, upload-time = "2026-01-05T12:24:08.804Z" },
    { url = "https://files.pythonhosted.org/packages/6f/e6/4b0c6a7a8a234e2113f88c80cc7aaa9af5868de7a693859f3c49da981934/ty-0.0.9-py3-none-manylinux_2_17_i686.manylinux2014_i686.whl", hash = "sha256:01bd4466504cefa36b465c6608e9af4504415fa67f6affc01c7d6ce36663c7f4", size = 10018262, upload-time = "2026-01-05T12:24:53.791Z" },
    { url = "https://files.pythonhosted.org/packages/cb/97/076d72a028f6b31e0b87287aa27c5b71a2f9927ee525260ea9f2f56828b8/ty-0.0.9-py3-none-manylinux_2_17_ppc64.manylinux2014_ppc64.whl", hash = "sha256:76c8253d1b30bc2c3eaa1b1411a1c34423decde0f4de0277aa6a5ceacfea93d9", size = 10911642, upload-time = "2026-01-05T12:24:48.264Z" },
    { url = "https://files.pythonhosted.org/packages/3f/5a/705d6a5ed07ea36b1f23592c3f0dbc8fc7649267bfbb3bf06464cdc9a98a/ty-0.0.9-py3-none-manylinux_2_17_ppc64le.manylinux2014_ppc64le.whl", hash = "sha256:8992fa4a9c6a5434eae4159fdd4842ec8726259bfd860e143ab95d078de6f8e3", size = 10632468, upload-time = "2026-01-05T12:24:24.118Z" },
    { url = "https://files.pythonhosted.org/packages/44/78/4339a254537488d62bf392a936b3ec047702c0cc33d6ce3a5d613f275cd0/ty-0.0.9-py3-none-manylinux_2_17_s390x.manylinux2014_s390x.whl", hash = "sha256:8c79d503d151acb4a145a3d98702d07cb641c47292f63e5ffa0151e4020a5d33", size = 10273422, upload-time = "2026-01-05T12:24:45.8Z" },
    { url = "https://files.pythonhosted.org/packages/90/40/e7f386e87c9abd3670dcee8311674d7e551baa23b2e4754e2405976e6c92/ty-0.0.9-py3-none-manylinux_2_17_x86_64.manylinux2014_x86_64.whl", hash = "sha256:b7a7ebf89ed276b564baa1f0dd9cd708e7b5aa89f19ce1b2f7d7132075abf93e", size = 10120289, upload-time = "2026-01-05T12:24:17.424Z" },
    { url = "https://files.pythonhosted.org/packages/f7/46/1027442596e725c50d0d1ab5179e9fa78a398ab412994b3006d0ee0899c7/ty-0.0.9-py3-none-musllinux_1_2_aarch64.whl", hash = "sha256:ae3866e50109d2400a886bb11d9ef607f23afc020b226af773615cf82ae61141", size = 9566657, upload-time = "2026-01-05T12:24:51.048Z" },
    { url = "https://files.pythonhosted.org/packages/56/be/df921cf1967226aa01690152002b370a7135c6cced81e86c12b86552cdc4/ty-0.0.9-py3-none-musllinux_1_2_armv7l.whl", hash = "sha256:185244a5eacfcd8f5e2d85b95e4276316772f1e586520a6cb24aa072ec1bac26", size = 9610334, upload-time = "2026-01-05T12:24:20.334Z" },
    { url = "https://files.pythonhosted.org/packages/ac/e8/f085268860232cc92ebe95415e5c8640f7f1797ac3a49ddd137c6222924d/ty-0.0.9-py3-none-musllinux_1_2_i686.whl", hash = "sha256:f834ff27d940edb24b2e86bbb3fb45ab9e07cf59ca8c5ac615095b2542786408", size = 9726701, upload-time = "2026-01-05T12:24:29.785Z" },
    { url = "https://files.pythonhosted.org/packages/42/b4/9394210c66041cd221442e38f68a596945103d9446ece505889ffa9b3da9/ty-0.0.9-py3-none-musllinux_1_2_x86_64.whl", hash = "sha256:773f4b3ba046de952d7c1ad3a2c09b24f3ed4bc8342ae3cbff62ebc14aa6d48c", size = 10227082, upload-time = "2026-01-05T12:24:40.132Z" },
    { url = "https://files.pythonhosted.org/packages/dc/9f/75951eb573b473d35dd9570546fc1319f7ca2d5b5c50a5825ba6ea6cb33a/ty-0.0.9-py3-none-win32.whl", hash = "sha256:1f20f67e373038ff20f36d5449e787c0430a072b92d5933c5b6e6fc79d3de4c8", size = 9176458, upload-time = "2026-01-05T12:24:32.559Z" },
    { url = "https://files.pythonhosted.org/packages/9b/80/b1cdf71ac874e72678161e25e2326a7d30bc3489cd3699561355a168e54f/ty-0.0.9-py3-none-win_amd64.whl", hash = "sha256:2c415f3bbb730f8de2e6e0b3c42eb3a91f1b5fbbcaaead2e113056c3b361c53c", size = 10040479, upload-time = "2026-01-05T12:24:42.697Z" },
    { url = "https://files.pythonhosted.org/packages/b5/8f/abc75c4bb774b12698629f02d0d12501b0a7dff9c31dc3bd6b6c6467e90a/ty-0.0.9-py3-none-win_arm64.whl", hash = "sha256:48e339d794542afeed710ea4f846ead865cc38cecc335a9c781804d02eaa2722", size = 9543127, upload-time = "2026-01-05T12:24:11.731Z" },
]
